
Microsoft Visual Studio Solution File, Format Version 12.00
# Visual Studio Version 17
VisualStudioVersion = 17.6.33815.320
MinimumVisualStudioVersion = 10.0.40219.1
Project("{FAE04EC0-301F-11D3-BF4B-00C04F79EFBC}") = "Donut3D", "Donut3D\Donut3D.csproj", "{C3B1E446-FDD7-4F46-8888-207FF48E0852}"
EndProject
Global
	GlobalSection(SolutionConfigurationPlatforms) = preSolution
		Debug|Any CPU = Debug|Any CPU
		Release|Any CPU = Release|Any CPU
	EndGlobalSection
	GlobalSection(ProjectConfigurationPlatforms) = postSolution
		{C3B1E446-FDD7-4F46-8888-207FF48E0852}.Debug|Any CPU.ActiveCfg = Debug|Any CPU
		{C3B1E446-FDD7-4F46-8888-207FF48E0852}.Debug|Any CPU.Build.0 = Debug|Any CPU
		{C3B1E446-FDD7-4F46-8888-207FF48E0852}.Release|Any CPU.ActiveCfg = Release|Any CPU
		{C3B1E446-FDD7-4F46-8888-207FF48E0852}.Release|Any CPU.Build.0 = Release|Any CPU
	EndGlobalSection
	GlobalSection(SolutionProperties) = preSolution
		HideSolutionNode = FALSE
	EndGlobalSection
	GlobalSection(ExtensibilityGlobals) = postSolution
		SolutionGuid = {236518C8-FCF4-46BB-BECE-25A7D56FE0F2}
	EndGlobalSection
EndGlobal
